
Microsoft Visual Studio Solution File, Format Version 11.00
# Visual Studio 2010
Project("{8BC9CEB8-8B4A-11D0-8D11-00A0C91BC942}") = "FormSegmentation", "FormSegmentation\FormSegmentation.vcxproj", "{B5C9A3C1-1345-49C8-9E00-DA99185D7DA0}"
	ProjectSection(ProjectDependencies) = postProject
		{1E3BA012-0A5A-4A5A-B992-C52115716E54} = {1E3BA012-0A5A-4A5A-B992-C52115716E54}
	EndProjectSection
EndProject
Project("{8BC9CEB8-8B4A-11D0-8D11-00A0C91BC942}") = "FeatureExtraction", "FeatureExtraction\FeatureExtraction.vcxproj", "{6719EF41-9C9F-4ABA-AEB7-DF831826B5C3}"
	ProjectSection(ProjectDependencies) = postProject
		{1E3BA012-0A5A-4A5A-B992-C52115716E54} = {1E3BA012-0A5A-4A5A-B992-C52115716E54}
	EndProjectSection
EndProject
Project("{8BC9CEB8-8B4A-11D0-8D11-00A0C91BC942}") = "SettingsRetriever", "SettingsRetriever\SettingsRetriever.vcxproj", "{1E3BA012-0A5A-4A5A-B992-C52115716E54}"
EndProject
Global
	GlobalSection(SolutionConfigurationPlatforms) = preSolution
		Debug|Win32 = Debug|Win32
		Release|Win32 = Release|Win32
	EndGlobalSection
	GlobalSection(ProjectConfigurationPlatforms) = postSolution
		{B5C9A3C1-1345-49C8-9E00-DA99185D7DA0}.Debug|Win32.ActiveCfg = Debug|Win32
		{B5C9A3C1-1345-49C8-9E00-DA99185D7DA0}.Debug|Win32.Build.0 = Debug|Win32
		{B5C9A3C1-1345-49C8-9E00-DA99185D7DA0}.Release|Win32.ActiveCfg = Release|Win32
		{B5C9A3C1-1345-49C8-9E00-DA99185D7DA0}.Release|Win32.Build.0 = Release|Win32
		{6719EF41-9C9F-4ABA-AEB7-DF831826B5C3}.Debug|Win32.ActiveCfg = Debug|Win32
		{6719EF41-9C9F-4ABA-AEB7-DF831826B5C3}.Debug|Win32.Build.0 = Debug|Win32
		{6719EF41-9C9F-4ABA-AEB7-DF831826B5C3}.Release|Win32.ActiveCfg = Release|Win32
		{6719EF41-9C9F-4ABA-AEB7-DF831826B5C3}.Release|Win32.Build.0 = Release|Win32
		{1E3BA012-0A5A-4A5A-B992-C52115716E54}.Debug|Win32.ActiveCfg = Debug|Win32
		{1E3BA012-0A5A-4A5A-B992-C52115716E54}.Debug|Win32.Build.0 = Debug|Win32
		{1E3BA012-0A5A-4A5A-B992-C52115716E54}.Release|Win32.ActiveCfg = Release|Win32
		{1E3BA012-0A5A-4A5A-B992-C52115716E54}.Release|Win32.Build.0 = Release|Win32
	EndGlobalSection
	GlobalSection(SolutionProperties) = preSolution
		HideSolutionNode = FALSE
	EndGlobalSection
EndGlobal
