
Microsoft Visual Studio Solution File, Format Version 11.00
# Visual Studio 2010
Project("{8BC9CEB8-8B4A-11D0-8D11-00A0C91BC942}") = "FormSegmentation", "FormSegmentation\FormSegmentation.vcxproj", "{B5C9A3C1-1345-49C8-9E00-DA99185D7DA0}"
EndProject
Project("{8BC9CEB8-8B4A-11D0-8D11-00A0C91BC942}") = "FeatureExtraction", "FeatureExtraction\FeatureExtraction.vcxproj", "{6719EF41-9C9F-4ABA-AEB7-DF831826B5C3}"
EndProject
Project("{8BC9CEB8-8B4A-11D0-8D11-00A0C91BC942}") = "IconListParser", "IconListParser\IconListParser.vcxproj", "{90438207-07A7-44DA-A430-3C6ED3CFE5E1}"
EndProject
Global
	GlobalSection(SolutionConfigurationPlatforms) = preSolution
		Debug|Win32 = Debug|Win32
		Release|Win32 = Release|Win32
	EndGlobalSection
	GlobalSection(ProjectConfigurationPlatforms) = postSolution
		{B5C9A3C1-1345-49C8-9E00-DA99185D7DA0}.Debug|Win32.ActiveCfg = Debug|Win32
		{B5C9A3C1-1345-49C8-9E00-DA99185D7DA0}.Debug|Win32.Build.0 = Debug|Win32
		{B5C9A3C1-1345-49C8-9E00-DA99185D7DA0}.Release|Win32.ActiveCfg = Release|Win32
		{B5C9A3C1-1345-49C8-9E00-DA99185D7DA0}.Release|Win32.Build.0 = Release|Win32
		{6719EF41-9C9F-4ABA-AEB7-DF831826B5C3}.Debug|Win32.ActiveCfg = Debug|Win32
		{6719EF41-9C9F-4ABA-AEB7-DF831826B5C3}.Debug|Win32.Build.0 = Debug|Win32
		{6719EF41-9C9F-4ABA-AEB7-DF831826B5C3}.Release|Win32.ActiveCfg = Release|Win32
		{6719EF41-9C9F-4ABA-AEB7-DF831826B5C3}.Release|Win32.Build.0 = Release|Win32
		{90438207-07A7-44DA-A430-3C6ED3CFE5E1}.Debug|Win32.ActiveCfg = Debug|Win32
		{90438207-07A7-44DA-A430-3C6ED3CFE5E1}.Debug|Win32.Build.0 = Debug|Win32
		{90438207-07A7-44DA-A430-3C6ED3CFE5E1}.Release|Win32.ActiveCfg = Release|Win32
		{90438207-07A7-44DA-A430-3C6ED3CFE5E1}.Release|Win32.Build.0 = Release|Win32
	EndGlobalSection
	GlobalSection(SolutionProperties) = preSolution
		HideSolutionNode = FALSE
	EndGlobalSection
EndGlobal
