
Microsoft Visual Studio Solution File, Format Version 11.00
# Visual Studio 2010
Project("{8BC9CEB8-8B4A-11D0-8D11-00A0C91BC942}") = "opirf", "opirf.vcxproj", "{27194003-BBFB-4626-A300-122183BB9AFE}"
EndProject
Global
	GlobalSection(SolutionConfigurationPlatforms) = preSolution
		Debug|Win32 = Debug|Win32
		Release|Win32 = Release|Win32
	EndGlobalSection
	GlobalSection(ProjectConfigurationPlatforms) = postSolution
		{27194003-BBFB-4626-A300-122183BB9AFE}.Debug|Win32.ActiveCfg = Debug|Win32
		{27194003-BBFB-4626-A300-122183BB9AFE}.Debug|Win32.Build.0 = Debug|Win32
		{27194003-BBFB-4626-A300-122183BB9AFE}.Release|Win32.ActiveCfg = Release|Win32
		{27194003-BBFB-4626-A300-122183BB9AFE}.Release|Win32.Build.0 = Release|Win32
	EndGlobalSection
	GlobalSection(SolutionProperties) = preSolution
		HideSolutionNode = FALSE
	EndGlobalSection
EndGlobal
